
Microsoft Visual Studio Solution File, Format Version 12.00
# Visual Studio Version 16
VisualStudioVersion = 16.0.33927.289
MinimumVisualStudioVersion = 10.0.40219.1
Project("{2150E333-8FDC-42A3-9474-1A3956D46DE8}") = "Task0", "Task0", "{E3BD3850-22CA-4C78-A9B8-1DCF9EE64B30}"
EndProject
Project("{FAE04EC0-301F-11D3-BF4B-00C04F79EFBC}") = "Tyuiu.IlyinME.Sprint3.Task0.V30", "Tyuiu.IlyinME.Sprint3.Task0.V30\Tyuiu.IlyinME.Sprint3.Task0.V30.csproj", "{D799F757-BFF2-4592-878C-B6F3DB8964C0}"
EndProject
Project("{FAE04EC0-301F-11D3-BF4B-00C04F79EFBC}") = "Tyuiu.IlyinME.Sprint3.Task0.V30.Lib", "Tyuiu.IlyinME.Sprint3.Task0.V30.Lib\Tyuiu.IlyinME.Sprint3.Task0.V30.Lib.csproj", "{287BE8D4-D16A-49A3-98E8-29EDBBA6FF4D}"
EndProject
Project("{FAE04EC0-301F-11D3-BF4B-00C04F79EFBC}") = "Tyuiu.IlyinME.Sprint3.Task0.V30.Test", "Tyuiu.IlyinME.Sprint3.Task0.V30.Test\Tyuiu.IlyinME.Sprint3.Task0.V30.Test.csproj", "{757EDD69-C7E2-4B1F-8560-800AA444A4F9}"
EndProject
Project("{2150E333-8FDC-42A3-9474-1A3956D46DE8}") = "Task1", "Task1", "{C44A631A-3392-4E37-B6B8-0B3AB26E62C8}"
EndProject
Project("{FAE04EC0-301F-11D3-BF4B-00C04F79EFBC}") = "Tyuiu.IlyinME.Sprint3.Task1.V16", "Tyuiu.IlyinME.Sprint3.Task1.V16\Tyuiu.IlyinME.Sprint3.Task1.V16.csproj", "{67674F34-5C15-4F13-B2E9-C8A5DBE5FA61}"
EndProject
Project("{FAE04EC0-301F-11D3-BF4B-00C04F79EFBC}") = "Tyuiu.IlyinME.Sprint3.Task1.V16.Lib", "Tyuiu.IlyinME.Sprint3.Task1.V16.Lib\Tyuiu.IlyinME.Sprint3.Task1.V16.Lib.csproj", "{46DEDB8F-60E6-4360-ADA8-269D71B0263B}"
EndProject
Project("{FAE04EC0-301F-11D3-BF4B-00C04F79EFBC}") = "Tyuiu.IlyinME.Sprint3.Task1.V16.Test", "Tyuiu.IlyinME.Sprint3.Task1.V16.Test\Tyuiu.IlyinME.Sprint3.Task1.V16.Test.csproj", "{B47BFDD0-D7E9-461A-B31E-BA59D9269C7F}"
EndProject
Project("{2150E333-8FDC-42A3-9474-1A3956D46DE8}") = "Task2", "Task2", "{F662BDE6-9FBA-4DB7-866A-A3660395723A}"
EndProject
Project("{FAE04EC0-301F-11D3-BF4B-00C04F79EFBC}") = "Tyuiu.IlyinME.Sprint3.Task2.V8", "Tyuiu.IlyinME.Sprint3.Task2.V8\Tyuiu.IlyinME.Sprint3.Task2.V8.csproj", "{1FF62294-7ACF-48EE-84AF-320DA239DBE0}"
EndProject
Project("{FAE04EC0-301F-11D3-BF4B-00C04F79EFBC}") = "Tyuiu.IlyinME.Sprint3.Task2.V8.Lib", "Tyuiu.IlyinME.Sprint3.Task2.V8.Lib\Tyuiu.IlyinME.Sprint3.Task2.V8.Lib.csproj", "{FD8DC0E8-76F5-4610-893A-69EAFA08F3D4}"
EndProject
Project("{FAE04EC0-301F-11D3-BF4B-00C04F79EFBC}") = "Tyuiu.IlyinME.Sprint3.Task2.V8.Test", "Tyuiu.IlyinME.Sprint3.Task2.V8.Test\Tyuiu.IlyinME.Sprint3.Task2.V8.Test.csproj", "{D5A82172-1A0D-41B1-AF5C-BE4A8F2E2008}"
EndProject
Project("{2150E333-8FDC-42A3-9474-1A3956D46DE8}") = "Task3", "Task3", "{47D7C4A8-F166-4A58-B075-3C5127AD3B72}"
EndProject
Project("{FAE04EC0-301F-11D3-BF4B-00C04F79EFBC}") = "Tyuiu.IlyinME.Sprint3.Task3.V15", "Tyuiu.IlyinME.Sprint3.Task3.V15\Tyuiu.IlyinME.Sprint3.Task3.V15.csproj", "{1FB120A0-8543-46D2-BDD9-F9763433760D}"
EndProject
Project("{FAE04EC0-301F-11D3-BF4B-00C04F79EFBC}") = "Tyuiu.IlyinME.Sprint3.Task3.V15.Lib", "Tyuiu.IlyinME.Sprint3.Task3.V15.Lib\Tyuiu.IlyinME.Sprint3.Task3.V15.Lib.csproj", "{E21B4D99-9145-45BE-BB11-4F9AF2018ACA}"
EndProject
Project("{FAE04EC0-301F-11D3-BF4B-00C04F79EFBC}") = "Tyuiu.IlyinME.Sprint3.Task3.V15.Test", "Tyuiu.IlyinME.Sprint3.Task3.V15.Test\Tyuiu.IlyinME.Sprint3.Task3.V15.Test.csproj", "{4FAFB245-1AE2-4E35-A7E9-4A7CC375747C}"
EndProject
Project("{2150E333-8FDC-42A3-9474-1A3956D46DE8}") = "Task4", "Task4", "{C55E1DF7-1D58-4E1B-8DEE-94F4CE475D46}"
EndProject
Project("{FAE04EC0-301F-11D3-BF4B-00C04F79EFBC}") = "Tyuiu.IlyinME.Sprint3.Task4.V27", "Tyuiu.IlyinME.Sprint3.Task4.V27\Tyuiu.IlyinME.Sprint3.Task4.V27.csproj", "{4EB639A9-D7A1-412B-9D4F-B5D4BD955810}"
EndProject
Project("{FAE04EC0-301F-11D3-BF4B-00C04F79EFBC}") = "Tyuiu.IlyinME.Sprint3.Task4.V27.Lib", "Tyuiu.IlyinME.Sprint3.Task4.V27.Lib\Tyuiu.IlyinME.Sprint3.Task4.V27.Lib.csproj", "{CFA47F3C-56BC-47E5-9C2B-49F1DB3E063F}"
EndProject
Project("{FAE04EC0-301F-11D3-BF4B-00C04F79EFBC}") = "Tyuiu.IlyinME.Sprint3.Task4.V27.Test", "Tyuiu.IlyinME.Sprint3.Task4.V27.Test\Tyuiu.IlyinME.Sprint3.Task4.V27.Test.csproj", "{4C909BCE-84A1-4EFB-AFAD-48BDB42BEA63}"
EndProject
Project("{2150E333-8FDC-42A3-9474-1A3956D46DE8}") = "Task5", "Task5", "{33DC27B8-B8F4-441F-95E7-02BCBB23D136}"
EndProject
Project("{FAE04EC0-301F-11D3-BF4B-00C04F79EFBC}") = "Tyuiu.IlyinME.Sprint3.Task5.V8", "Tyuiu.IlyinME.Sprint3.Task5.V8\Tyuiu.IlyinME.Sprint3.Task5.V8.csproj", "{4DF859E8-2070-4608-B853-793367A88EDB}"
EndProject
Project("{FAE04EC0-301F-11D3-BF4B-00C04F79EFBC}") = "Tyuiu.IlyinME.Sprint3.Task5.V8.Lib", "Tyuiu.IlyinME.Sprint3.Task5.V8.Lib\Tyuiu.IlyinME.Sprint3.Task5.V8.Lib.csproj", "{81D727B1-AC0E-4985-8A68-5F33280A4E4B}"
EndProject
Project("{FAE04EC0-301F-11D3-BF4B-00C04F79EFBC}") = "Tyuiu.IlyinME.Sprint3.Task5.V8.Test", "Tyuiu.IlyinME.Sprint3.Task5.V8.Test\Tyuiu.IlyinME.Sprint3.Task5.V8.Test.csproj", "{E0976225-4A5F-454A-98E0-4CC1B0055183}"
EndProject
Project("{2150E333-8FDC-42A3-9474-1A3956D46DE8}") = "Task6", "Task6", "{00BB1214-5B11-45EC-99C0-FFF3803F9AA0}"
EndProject
Project("{FAE04EC0-301F-11D3-BF4B-00C04F79EFBC}") = "Tyuiu.IlyinME.Sprint3.Task6.V16", "Tyuiu.IlyinME.Sprint3.Task6.V16\Tyuiu.IlyinME.Sprint3.Task6.V16.csproj", "{77EF970F-D270-4272-AC4A-E6336B635305}"
EndProject
Project("{FAE04EC0-301F-11D3-BF4B-00C04F79EFBC}") = "Tyuiu.IlyinME.Sprint3.Task6.V16.Lib", "Tyuiu.IlyinME.Sprint3.Task6.V16.Lib\Tyuiu.IlyinME.Sprint3.Task6.V16.Lib.csproj", "{25A4AA1B-D610-423D-928A-4A9B09459153}"
EndProject
Project("{FAE04EC0-301F-11D3-BF4B-00C04F79EFBC}") = "Tyuiu.IlyinME.Sprint3.Task6.V16.Test", "Tyuiu.IlyinME.Sprint3.Task6.V16.Test\Tyuiu.IlyinME.Sprint3.Task6.V16.Test.csproj", "{CCA93D74-1FE9-4BA0-8ECB-1BAF3E88AA54}"
EndProject
Project("{2150E333-8FDC-42A3-9474-1A3956D46DE8}") = "Task7", "Task7", "{8FB0C5FE-0339-4230-B568-33CB1C2E46F6}"
EndProject
Project("{FAE04EC0-301F-11D3-BF4B-00C04F79EFBC}") = "Tyuiu.IlyinME.Sprint3.Task7.V4", "Tyuiu.IlyinME.Sprint3.Task7.V4\Tyuiu.IlyinME.Sprint3.Task7.V4.csproj", "{AB51C3E4-8C4B-4EAD-998C-80B8C08016F5}"
EndProject
Project("{FAE04EC0-301F-11D3-BF4B-00C04F79EFBC}") = "Tyuiu.IlyinME.Sprint3.Task7.V4.Lib", "Tyuiu.IlyinME.Sprint3.Task7.V4.Lib\Tyuiu.IlyinME.Sprint3.Task7.V4.Lib.csproj", "{47CF46A0-9CAA-4E0D-A272-463CD310868E}"
EndProject
Project("{FAE04EC0-301F-11D3-BF4B-00C04F79EFBC}") = "Tyuiu.IlyinME.Sprint3.Task7.V4.Test", "Tyuiu.IlyinME.Sprint3.Task7.V4.Test\Tyuiu.IlyinME.Sprint3.Task7.V4.Test.csproj", "{5A83DC93-F45B-418E-9D7F-2A3AAB472218}"
EndProject
Global
	GlobalSection(SolutionConfigurationPlatforms) = preSolution
		Debug|Any CPU = Debug|Any CPU
		Release|Any CPU = Release|Any CPU
	EndGlobalSection
	GlobalSection(ProjectConfigurationPlatforms) = postSolution
		{D799F757-BFF2-4592-878C-B6F3DB8964C0}.Debug|Any CPU.ActiveCfg = Debug|Any CPU
		{D799F757-BFF2-4592-878C-B6F3DB8964C0}.Debug|Any CPU.Build.0 = Debug|Any CPU
		{D799F757-BFF2-4592-878C-B6F3DB8964C0}.Release|Any CPU.ActiveCfg = Release|Any CPU
		{D799F757-BFF2-4592-878C-B6F3DB8964C0}.Release|Any CPU.Build.0 = Release|Any CPU
		{287BE8D4-D16A-49A3-98E8-29EDBBA6FF4D}.Debug|Any CPU.ActiveCfg = Debug|Any CPU
		{287BE8D4-D16A-49A3-98E8-29EDBBA6FF4D}.Debug|Any CPU.Build.0 = Debug|Any CPU
		{287BE8D4-D16A-49A3-98E8-29EDBBA6FF4D}.Release|Any CPU.ActiveCfg = Release|Any CPU
		{287BE8D4-D16A-49A3-98E8-29EDBBA6FF4D}.Release|Any CPU.Build.0 = Release|Any CPU
		{757EDD69-C7E2-4B1F-8560-800AA444A4F9}.Debug|Any CPU.ActiveCfg = Debug|Any CPU
		{757EDD69-C7E2-4B1F-8560-800AA444A4F9}.Debug|Any CPU.Build.0 = Debug|Any CPU
		{757EDD69-C7E2-4B1F-8560-800AA444A4F9}.Release|Any CPU.ActiveCfg = Release|Any CPU
		{757EDD69-C7E2-4B1F-8560-800AA444A4F9}.Release|Any CPU.Build.0 = Release|Any CPU
		{67674F34-5C15-4F13-B2E9-C8A5DBE5FA61}.Debug|Any CPU.ActiveCfg = Debug|Any CPU
		{67674F34-5C15-4F13-B2E9-C8A5DBE5FA61}.Debug|Any CPU.Build.0 = Debug|Any CPU
		{67674F34-5C15-4F13-B2E9-C8A5DBE5FA61}.Release|Any CPU.ActiveCfg = Release|Any CPU
		{67674F34-5C15-4F13-B2E9-C8A5DBE5FA61}.Release|Any CPU.Build.0 = Release|Any CPU
		{46DEDB8F-60E6-4360-ADA8-269D71B0263B}.Debug|Any CPU.ActiveCfg = Debug|Any CPU
		{46DEDB8F-60E6-4360-ADA8-269D71B0263B}.Debug|Any CPU.Build.0 = Debug|Any CPU
		{46DEDB8F-60E6-4360-ADA8-269D71B0263B}.Release|Any CPU.ActiveCfg = Release|Any CPU
		{46DEDB8F-60E6-4360-ADA8-269D71B0263B}.Release|Any CPU.Build.0 = Release|Any CPU
		{B47BFDD0-D7E9-461A-B31E-BA59D9269C7F}.Debug|Any CPU.ActiveCfg = Debug|Any CPU
		{B47BFDD0-D7E9-461A-B31E-BA59D9269C7F}.Debug|Any CPU.Build.0 = Debug|Any CPU
		{B47BFDD0-D7E9-461A-B31E-BA59D9269C7F}.Release|Any CPU.ActiveCfg = Release|Any CPU
		{B47BFDD0-D7E9-461A-B31E-BA59D9269C7F}.Release|Any CPU.Build.0 = Release|Any CPU
		{1FF62294-7ACF-48EE-84AF-320DA239DBE0}.Debug|Any CPU.ActiveCfg = Debug|Any CPU
		{1FF62294-7ACF-48EE-84AF-320DA239DBE0}.Debug|Any CPU.Build.0 = Debug|Any CPU
		{1FF62294-7ACF-48EE-84AF-320DA239DBE0}.Release|Any CPU.ActiveCfg = Release|Any CPU
		{1FF62294-7ACF-48EE-84AF-320DA239DBE0}.Release|Any CPU.Build.0 = Release|Any CPU
		{FD8DC0E8-76F5-4610-893A-69EAFA08F3D4}.Debug|Any CPU.ActiveCfg = Debug|Any CPU
		{FD8DC0E8-76F5-4610-893A-69EAFA08F3D4}.Debug|Any CPU.Build.0 = Debug|Any CPU
		{FD8DC0E8-76F5-4610-893A-69EAFA08F3D4}.Release|Any CPU.ActiveCfg = Release|Any CPU
		{FD8DC0E8-76F5-4610-893A-69EAFA08F3D4}.Release|Any CPU.Build.0 = Release|Any CPU
		{D5A82172-1A0D-41B1-AF5C-BE4A8F2E2008}.Debug|Any CPU.ActiveCfg = Debug|Any CPU
		{D5A82172-1A0D-41B1-AF5C-BE4A8F2E2008}.Debug|Any CPU.Build.0 = Debug|Any CPU
		{D5A82172-1A0D-41B1-AF5C-BE4A8F2E2008}.Release|Any CPU.ActiveCfg = Release|Any CPU
		{D5A82172-1A0D-41B1-AF5C-BE4A8F2E2008}.Release|Any CPU.Build.0 = Release|Any CPU
		{1FB120A0-8543-46D2-BDD9-F9763433760D}.Debug|Any CPU.ActiveCfg = Debug|Any CPU
		{1FB120A0-8543-46D2-BDD9-F9763433760D}.Debug|Any CPU.Build.0 = Debug|Any CPU
		{1FB120A0-8543-46D2-BDD9-F9763433760D}.Release|Any CPU.ActiveCfg = Release|Any CPU
		{1FB120A0-8543-46D2-BDD9-F9763433760D}.Release|Any CPU.Build.0 = Release|Any CPU
		{E21B4D99-9145-45BE-BB11-4F9AF2018ACA}.Debug|Any CPU.ActiveCfg = Debug|Any CPU
		{E21B4D99-9145-45BE-BB11-4F9AF2018ACA}.Debug|Any CPU.Build.0 = Debug|Any CPU
		{E21B4D99-9145-45BE-BB11-4F9AF2018ACA}.Release|Any CPU.ActiveCfg = Release|Any CPU
		{E21B4D99-9145-45BE-BB11-4F9AF2018ACA}.Release|Any CPU.Build.0 = Release|Any CPU
		{4FAFB245-1AE2-4E35-A7E9-4A7CC375747C}.Debug|Any CPU.ActiveCfg = Debug|Any CPU
		{4FAFB245-1AE2-4E35-A7E9-4A7CC375747C}.Debug|Any CPU.Build.0 = Debug|Any CPU
		{4FAFB245-1AE2-4E35-A7E9-4A7CC375747C}.Release|Any CPU.ActiveCfg = Release|Any CPU
		{4FAFB245-1AE2-4E35-A7E9-4A7CC375747C}.Release|Any CPU.Build.0 = Release|Any CPU
		{4EB639A9-D7A1-412B-9D4F-B5D4BD955810}.Debug|Any CPU.ActiveCfg = Debug|Any CPU
		{4EB639A9-D7A1-412B-9D4F-B5D4BD955810}.Debug|Any CPU.Build.0 = Debug|Any CPU
		{4EB639A9-D7A1-412B-9D4F-B5D4BD955810}.Release|Any CPU.ActiveCfg = Release|Any CPU
		{4EB639A9-D7A1-412B-9D4F-B5D4BD955810}.Release|Any CPU.Build.0 = Release|Any CPU
		{CFA47F3C-56BC-47E5-9C2B-49F1DB3E063F}.Debug|Any CPU.ActiveCfg = Debug|Any CPU
		{CFA47F3C-56BC-47E5-9C2B-49F1DB3E063F}.Debug|Any CPU.Build.0 = Debug|Any CPU
		{CFA47F3C-56BC-47E5-9C2B-49F1DB3E063F}.Release|Any CPU.ActiveCfg = Release|Any CPU
		{CFA47F3C-56BC-47E5-9C2B-49F1DB3E063F}.Release|Any CPU.Build.0 = Release|Any CPU
		{4C909BCE-84A1-4EFB-AFAD-48BDB42BEA63}.Debug|Any CPU.ActiveCfg = Debug|Any CPU
		{4C909BCE-84A1-4EFB-AFAD-48BDB42BEA63}.Debug|Any CPU.Build.0 = Debug|Any CPU
		{4C909BCE-84A1-4EFB-AFAD-48BDB42BEA63}.Release|Any CPU.ActiveCfg = Release|Any CPU
		{4C909BCE-84A1-4EFB-AFAD-48BDB42BEA63}.Release|Any CPU.Build.0 = Release|Any CPU
		{4DF859E8-2070-4608-B853-793367A88EDB}.Debug|Any CPU.ActiveCfg = Debug|Any CPU
		{4DF859E8-2070-4608-B853-793367A88EDB}.Debug|Any CPU.Build.0 = Debug|Any CPU
		{4DF859E8-2070-4608-B853-793367A88EDB}.Release|Any CPU.ActiveCfg = Release|Any CPU
		{4DF859E8-2070-4608-B853-793367A88EDB}.Release|Any CPU.Build.0 = Release|Any CPU
		{81D727B1-AC0E-4985-8A68-5F33280A4E4B}.Debug|Any CPU.ActiveCfg = Debug|Any CPU
		{81D727B1-AC0E-4985-8A68-5F33280A4E4B}.Debug|Any CPU.Build.0 = Debug|Any CPU
		{81D727B1-AC0E-4985-8A68-5F33280A4E4B}.Release|Any CPU.ActiveCfg = Release|Any CPU
		{81D727B1-AC0E-4985-8A68-5F33280A4E4B}.Release|Any CPU.Build.0 = Release|Any CPU
		{E0976225-4A5F-454A-98E0-4CC1B0055183}.Debug|Any CPU.ActiveCfg = Debug|Any CPU
		{E0976225-4A5F-454A-98E0-4CC1B0055183}.Debug|Any CPU.Build.0 = Debug|Any CPU
		{E0976225-4A5F-454A-98E0-4CC1B0055183}.Release|Any CPU.ActiveCfg = Release|Any CPU
		{E0976225-4A5F-454A-98E0-4CC1B0055183}.Release|Any CPU.Build.0 = Release|Any CPU
		{77EF970F-D270-4272-AC4A-E6336B635305}.Debug|Any CPU.ActiveCfg = Debug|Any CPU
		{77EF970F-D270-4272-AC4A-E6336B635305}.Debug|Any CPU.Build.0 = Debug|Any CPU
		{77EF970F-D270-4272-AC4A-E6336B635305}.Release|Any CPU.ActiveCfg = Release|Any CPU
		{77EF970F-D270-4272-AC4A-E6336B635305}.Release|Any CPU.Build.0 = Release|Any CPU
		{25A4AA1B-D610-423D-928A-4A9B09459153}.Debug|Any CPU.ActiveCfg = Debug|Any CPU
		{25A4AA1B-D610-423D-928A-4A9B09459153}.Debug|Any CPU.Build.0 = Debug|Any CPU
		{25A4AA1B-D610-423D-928A-4A9B09459153}.Release|Any CPU.ActiveCfg = Release|Any CPU
		{25A4AA1B-D610-423D-928A-4A9B09459153}.Release|Any CPU.Build.0 = Release|Any CPU
		{CCA93D74-1FE9-4BA0-8ECB-1BAF3E88AA54}.Debug|Any CPU.ActiveCfg = Debug|Any CPU
		{CCA93D74-1FE9-4BA0-8ECB-1BAF3E88AA54}.Debug|Any CPU.Build.0 = Debug|Any CPU
		{CCA93D74-1FE9-4BA0-8ECB-1BAF3E88AA54}.Release|Any CPU.ActiveCfg = Release|Any CPU
		{CCA93D74-1FE9-4BA0-8ECB-1BAF3E88AA54}.Release|Any CPU.Build.0 = Release|Any CPU
		{AB51C3E4-8C4B-4EAD-998C-80B8C08016F5}.Debug|Any CPU.ActiveCfg = Debug|Any CPU
		{AB51C3E4-8C4B-4EAD-998C-80B8C08016F5}.Debug|Any CPU.Build.0 = Debug|Any CPU
		{AB51C3E4-8C4B-4EAD-998C-80B8C08016F5}.Release|Any CPU.ActiveCfg = Release|Any CPU
		{AB51C3E4-8C4B-4EAD-998C-80B8C08016F5}.Release|Any CPU.Build.0 = Release|Any CPU
		{47CF46A0-9CAA-4E0D-A272-463CD310868E}.Debug|Any CPU.ActiveCfg = Debug|Any CPU
		{47CF46A0-9CAA-4E0D-A272-463CD310868E}.Debug|Any CPU.Build.0 = Debug|Any CPU
		{47CF46A0-9CAA-4E0D-A272-463CD310868E}.Release|Any CPU.ActiveCfg = Release|Any CPU
		{47CF46A0-9CAA-4E0D-A272-463CD310868E}.Release|Any CPU.Build.0 = Release|Any CPU
		{5A83DC93-F45B-418E-9D7F-2A3AAB472218}.Debug|Any CPU.ActiveCfg = Debug|Any CPU
		{5A83DC93-F45B-418E-9D7F-2A3AAB472218}.Debug|Any CPU.Build.0 = Debug|Any CPU
		{5A83DC93-F45B-418E-9D7F-2A3AAB472218}.Release|Any CPU.ActiveCfg = Release|Any CPU
		{5A83DC93-F45B-418E-9D7F-2A3AAB472218}.Release|Any CPU.Build.0 = Release|Any CPU
	EndGlobalSection
	GlobalSection(SolutionProperties) = preSolution
		HideSolutionNode = FALSE
	EndGlobalSection
	GlobalSection(NestedProjects) = preSolution
		{D799F757-BFF2-4592-878C-B6F3DB8964C0} = {E3BD3850-22CA-4C78-A9B8-1DCF9EE64B30}
		{287BE8D4-D16A-49A3-98E8-29EDBBA6FF4D} = {E3BD3850-22CA-4C78-A9B8-1DCF9EE64B30}
		{757EDD69-C7E2-4B1F-8560-800AA444A4F9} = {E3BD3850-22CA-4C78-A9B8-1DCF9EE64B30}
		{67674F34-5C15-4F13-B2E9-C8A5DBE5FA61} = {C44A631A-3392-4E37-B6B8-0B3AB26E62C8}
		{46DEDB8F-60E6-4360-ADA8-269D71B0263B} = {C44A631A-3392-4E37-B6B8-0B3AB26E62C8}
		{B47BFDD0-D7E9-461A-B31E-BA59D9269C7F} = {C44A631A-3392-4E37-B6B8-0B3AB26E62C8}
		{1FF62294-7ACF-48EE-84AF-320DA239DBE0} = {F662BDE6-9FBA-4DB7-866A-A3660395723A}
		{FD8DC0E8-76F5-4610-893A-69EAFA08F3D4} = {F662BDE6-9FBA-4DB7-866A-A3660395723A}
		{D5A82172-1A0D-41B1-AF5C-BE4A8F2E2008} = {F662BDE6-9FBA-4DB7-866A-A3660395723A}
		{1FB120A0-8543-46D2-BDD9-F9763433760D} = {47D7C4A8-F166-4A58-B075-3C5127AD3B72}
		{E21B4D99-9145-45BE-BB11-4F9AF2018ACA} = {47D7C4A8-F166-4A58-B075-3C5127AD3B72}
		{4FAFB245-1AE2-4E35-A7E9-4A7CC375747C} = {47D7C4A8-F166-4A58-B075-3C5127AD3B72}
		{4EB639A9-D7A1-412B-9D4F-B5D4BD955810} = {C55E1DF7-1D58-4E1B-8DEE-94F4CE475D46}
		{CFA47F3C-56BC-47E5-9C2B-49F1DB3E063F} = {C55E1DF7-1D58-4E1B-8DEE-94F4CE475D46}
		{4C909BCE-84A1-4EFB-AFAD-48BDB42BEA63} = {C55E1DF7-1D58-4E1B-8DEE-94F4CE475D46}
		{4DF859E8-2070-4608-B853-793367A88EDB} = {33DC27B8-B8F4-441F-95E7-02BCBB23D136}
		{81D727B1-AC0E-4985-8A68-5F33280A4E4B} = {33DC27B8-B8F4-441F-95E7-02BCBB23D136}
		{E0976225-4A5F-454A-98E0-4CC1B0055183} = {33DC27B8-B8F4-441F-95E7-02BCBB23D136}
		{77EF970F-D270-4272-AC4A-E6336B635305} = {00BB1214-5B11-45EC-99C0-FFF3803F9AA0}
		{25A4AA1B-D610-423D-928A-4A9B09459153} = {00BB1214-5B11-45EC-99C0-FFF3803F9AA0}
		{CCA93D74-1FE9-4BA0-8ECB-1BAF3E88AA54} = {00BB1214-5B11-45EC-99C0-FFF3803F9AA0}
		{AB51C3E4-8C4B-4EAD-998C-80B8C08016F5} = {8FB0C5FE-0339-4230-B568-33CB1C2E46F6}
		{47CF46A0-9CAA-4E0D-A272-463CD310868E} = {8FB0C5FE-0339-4230-B568-33CB1C2E46F6}
		{5A83DC93-F45B-418E-9D7F-2A3AAB472218} = {8FB0C5FE-0339-4230-B568-33CB1C2E46F6}
	EndGlobalSection
	GlobalSection(ExtensibilityGlobals) = postSolution
		SolutionGuid = {5D351333-66AC-4378-A725-002554F3D068}
	EndGlobalSection
EndGlobal
