
Microsoft Visual Studio Solution File, Format Version 12.00
# Visual Studio Version 16
VisualStudioVersion = 16.0.33927.289
MinimumVisualStudioVersion = 10.0.40219.1
Project("{2150E333-8FDC-42A3-9474-1A3956D46DE8}") = "Task0", "Task0", "{E3BD3850-22CA-4C78-A9B8-1DCF9EE64B30}"
EndProject
Project("{FAE04EC0-301F-11D3-BF4B-00C04F79EFBC}") = "Tyuiu.IlyinME.Sprint3.Task0.V30", "Tyuiu.IlyinME.Sprint3.Task0.V30\Tyuiu.IlyinME.Sprint3.Task0.V30.csproj", "{D799F757-BFF2-4592-878C-B6F3DB8964C0}"
EndProject
Project("{FAE04EC0-301F-11D3-BF4B-00C04F79EFBC}") = "Tyuiu.IlyinME.Sprint3.Task0.V30.Lib", "Tyuiu.IlyinME.Sprint3.Task0.V30.Lib\Tyuiu.IlyinME.Sprint3.Task0.V30.Lib.csproj", "{287BE8D4-D16A-49A3-98E8-29EDBBA6FF4D}"
EndProject
Project("{FAE04EC0-301F-11D3-BF4B-00C04F79EFBC}") = "Tyuiu.IlyinME.Sprint3.Task0.V30.Test", "Tyuiu.IlyinME.Sprint3.Task0.V30.Test\Tyuiu.IlyinME.Sprint3.Task0.V30.Test.csproj", "{757EDD69-C7E2-4B1F-8560-800AA444A4F9}"
EndProject
Project("{2150E333-8FDC-42A3-9474-1A3956D46DE8}") = "Task1", "Task1", "{C44A631A-3392-4E37-B6B8-0B3AB26E62C8}"
EndProject
Project("{FAE04EC0-301F-11D3-BF4B-00C04F79EFBC}") = "Tyuiu.IlyinME.Sprint3.Task1.V16", "Tyuiu.IlyinME.Sprint3.Task1.V16\Tyuiu.IlyinME.Sprint3.Task1.V16.csproj", "{67674F34-5C15-4F13-B2E9-C8A5DBE5FA61}"
EndProject
Project("{FAE04EC0-301F-11D3-BF4B-00C04F79EFBC}") = "Tyuiu.IlyinME.Sprint3.Task1.V16.Lib", "Tyuiu.IlyinME.Sprint3.Task1.V16.Lib\Tyuiu.IlyinME.Sprint3.Task1.V16.Lib.csproj", "{46DEDB8F-60E6-4360-ADA8-269D71B0263B}"
EndProject
Project("{FAE04EC0-301F-11D3-BF4B-00C04F79EFBC}") = "Tyuiu.IlyinME.Sprint3.Task1.V16.Test", "Tyuiu.IlyinME.Sprint3.Task1.V16.Test\Tyuiu.IlyinME.Sprint3.Task1.V16.Test.csproj", "{B47BFDD0-D7E9-461A-B31E-BA59D9269C7F}"
EndProject
Global
	GlobalSection(SolutionConfigurationPlatforms) = preSolution
		Debug|Any CPU = Debug|Any CPU
		Release|Any CPU = Release|Any CPU
	EndGlobalSection
	GlobalSection(ProjectConfigurationPlatforms) = postSolution
		{D799F757-BFF2-4592-878C-B6F3DB8964C0}.Debug|Any CPU.ActiveCfg = Debug|Any CPU
		{D799F757-BFF2-4592-878C-B6F3DB8964C0}.Debug|Any CPU.Build.0 = Debug|Any CPU
		{D799F757-BFF2-4592-878C-B6F3DB8964C0}.Release|Any CPU.ActiveCfg = Release|Any CPU
		{D799F757-BFF2-4592-878C-B6F3DB8964C0}.Release|Any CPU.Build.0 = Release|Any CPU
		{287BE8D4-D16A-49A3-98E8-29EDBBA6FF4D}.Debug|Any CPU.ActiveCfg = Debug|Any CPU
		{287BE8D4-D16A-49A3-98E8-29EDBBA6FF4D}.Debug|Any CPU.Build.0 = Debug|Any CPU
		{287BE8D4-D16A-49A3-98E8-29EDBBA6FF4D}.Release|Any CPU.ActiveCfg = Release|Any CPU
		{287BE8D4-D16A-49A3-98E8-29EDBBA6FF4D}.Release|Any CPU.Build.0 = Release|Any CPU
		{757EDD69-C7E2-4B1F-8560-800AA444A4F9}.Debug|Any CPU.ActiveCfg = Debug|Any CPU
		{757EDD69-C7E2-4B1F-8560-800AA444A4F9}.Debug|Any CPU.Build.0 = Debug|Any CPU
		{757EDD69-C7E2-4B1F-8560-800AA444A4F9}.Release|Any CPU.ActiveCfg = Release|Any CPU
		{757EDD69-C7E2-4B1F-8560-800AA444A4F9}.Release|Any CPU.Build.0 = Release|Any CPU
		{67674F34-5C15-4F13-B2E9-C8A5DBE5FA61}.Debug|Any CPU.ActiveCfg = Debug|Any CPU
		{67674F34-5C15-4F13-B2E9-C8A5DBE5FA61}.Debug|Any CPU.Build.0 = Debug|Any CPU
		{67674F34-5C15-4F13-B2E9-C8A5DBE5FA61}.Release|Any CPU.ActiveCfg = Release|Any CPU
		{67674F34-5C15-4F13-B2E9-C8A5DBE5FA61}.Release|Any CPU.Build.0 = Release|Any CPU
		{46DEDB8F-60E6-4360-ADA8-269D71B0263B}.Debug|Any CPU.ActiveCfg = Debug|Any CPU
		{46DEDB8F-60E6-4360-ADA8-269D71B0263B}.Debug|Any CPU.Build.0 = Debug|Any CPU
		{46DEDB8F-60E6-4360-ADA8-269D71B0263B}.Release|Any CPU.ActiveCfg = Release|Any CPU
		{46DEDB8F-60E6-4360-ADA8-269D71B0263B}.Release|Any CPU.Build.0 = Release|Any CPU
		{B47BFDD0-D7E9-461A-B31E-BA59D9269C7F}.Debug|Any CPU.ActiveCfg = Debug|Any CPU
		{B47BFDD0-D7E9-461A-B31E-BA59D9269C7F}.Debug|Any CPU.Build.0 = Debug|Any CPU
		{B47BFDD0-D7E9-461A-B31E-BA59D9269C7F}.Release|Any CPU.ActiveCfg = Release|Any CPU
		{B47BFDD0-D7E9-461A-B31E-BA59D9269C7F}.Release|Any CPU.Build.0 = Release|Any CPU
	EndGlobalSection
	GlobalSection(SolutionProperties) = preSolution
		HideSolutionNode = FALSE
	EndGlobalSection
	GlobalSection(NestedProjects) = preSolution
		{D799F757-BFF2-4592-878C-B6F3DB8964C0} = {E3BD3850-22CA-4C78-A9B8-1DCF9EE64B30}
		{287BE8D4-D16A-49A3-98E8-29EDBBA6FF4D} = {E3BD3850-22CA-4C78-A9B8-1DCF9EE64B30}
		{757EDD69-C7E2-4B1F-8560-800AA444A4F9} = {E3BD3850-22CA-4C78-A9B8-1DCF9EE64B30}
		{67674F34-5C15-4F13-B2E9-C8A5DBE5FA61} = {C44A631A-3392-4E37-B6B8-0B3AB26E62C8}
		{46DEDB8F-60E6-4360-ADA8-269D71B0263B} = {C44A631A-3392-4E37-B6B8-0B3AB26E62C8}
		{B47BFDD0-D7E9-461A-B31E-BA59D9269C7F} = {C44A631A-3392-4E37-B6B8-0B3AB26E62C8}
	EndGlobalSection
	GlobalSection(ExtensibilityGlobals) = postSolution
		SolutionGuid = {5D351333-66AC-4378-A725-002554F3D068}
	EndGlobalSection
EndGlobal
